
Microsoft Visual Studio Solution File, Format Version 12.00
# Visual Studio 15
VisualStudioVersion = 15.0.28307.421
MinimumVisualStudioVersion = 10.0.40219.1
Project("{FAE04EC0-301F-11D3-BF4B-00C04F79EFBC}") = "RPG", "RPG.csproj", "{506D82E3-0327-4BCF-B9B7-E5F9609ADFBC}"
EndProject
Global
	GlobalSection(SolutionConfigurationPlatforms) = preSolution
		Debug|Any CPU = Debug|Any CPU
		Release|Any CPU = Release|Any CPU
	EndGlobalSection
	GlobalSection(ProjectConfigurationPlatforms) = postSolution
		{506D82E3-0327-4BCF-B9B7-E5F9609ADFBC}.Debug|Any CPU.ActiveCfg = Debug|Any CPU
		{506D82E3-0327-4BCF-B9B7-E5F9609ADFBC}.Debug|Any CPU.Build.0 = Debug|Any CPU
		{506D82E3-0327-4BCF-B9B7-E5F9609ADFBC}.Release|Any CPU.ActiveCfg = Release|Any CPU
		{506D82E3-0327-4BCF-B9B7-E5F9609ADFBC}.Release|Any CPU.Build.0 = Release|Any CPU
	EndGlobalSection
	GlobalSection(SolutionProperties) = preSolution
		HideSolutionNode = FALSE
	EndGlobalSection
	GlobalSection(ExtensibilityGlobals) = postSolution
		SolutionGuid = {7BEA52C4-F008-4A1A-8083-9198610E02BA}
	EndGlobalSection
EndGlobal
